
Microsoft Visual Studio Solution File, Format Version 12.00
Project("{FAE04EC0-301F-11D3-BF4B-00C04F79EFBC}") = "SimplexNoiseMapGenerator.Net", "SimplexNoiseMapGenerator.Net\SimplexNoiseMapGenerator.Net.csproj", "{3C3F26BD-611B-4F69-A87B-787A58F94938}"
EndProject
Global
	GlobalSection(SolutionConfigurationPlatforms) = preSolution
		Debug|Any CPU = Debug|Any CPU
		Release|Any CPU = Release|Any CPU
	EndGlobalSection
	GlobalSection(ProjectConfigurationPlatforms) = postSolution
		{3C3F26BD-611B-4F69-A87B-787A58F94938}.Debug|Any CPU.ActiveCfg = Debug|Any CPU
		{3C3F26BD-611B-4F69-A87B-787A58F94938}.Debug|Any CPU.Build.0 = Debug|Any CPU
		{3C3F26BD-611B-4F69-A87B-787A58F94938}.Release|Any CPU.ActiveCfg = Release|Any CPU
		{3C3F26BD-611B-4F69-A87B-787A58F94938}.Release|Any CPU.Build.0 = Release|Any CPU
	EndGlobalSection
EndGlobal
